
Microsoft Visual Studio Solution File, Format Version 12.00
# Visual Studio Version 16
VisualStudioVersion = 16.0.29806.167
MinimumVisualStudioVersion = 10.0.40219.1
Project("{FAE04EC0-301F-11D3-BF4B-00C04F79EFBC}") = "arayuzmirasgetset", "arayuzmirasgetset.csproj", "{329EAEEC-902E-4F52-8EC2-D4F375FC44EB}"
EndProject
Global
	GlobalSection(SolutionConfigurationPlatforms) = preSolution
		Debug|Any CPU = Debug|Any CPU
		Release|Any CPU = Release|Any CPU
	EndGlobalSection
	GlobalSection(ProjectConfigurationPlatforms) = postSolution
		{329EAEEC-902E-4F52-8EC2-D4F375FC44EB}.Debug|Any CPU.ActiveCfg = Debug|Any CPU
		{329EAEEC-902E-4F52-8EC2-D4F375FC44EB}.Debug|Any CPU.Build.0 = Debug|Any CPU
		{329EAEEC-902E-4F52-8EC2-D4F375FC44EB}.Release|Any CPU.ActiveCfg = Release|Any CPU
		{329EAEEC-902E-4F52-8EC2-D4F375FC44EB}.Release|Any CPU.Build.0 = Release|Any CPU
	EndGlobalSection
	GlobalSection(SolutionProperties) = preSolution
		HideSolutionNode = FALSE
	EndGlobalSection
	GlobalSection(ExtensibilityGlobals) = postSolution
		SolutionGuid = {43F8F523-91E6-4980-B49A-5B7BC37A32E8}
	EndGlobalSection
EndGlobal
